<?xml version="1.0" encoding="utf-8"?>
<Project xmlns="http://schemas.microsoft.com/developer/msbuild/2003">
  <ItemGroup>
    <Filter Include="Generated Files">
      <UniqueIdentifier>{71ED8ED8-ACB9-4CE9-BBE1-E00B30144E11}</UniqueIdentifier>
      <Extensions>cpp;c;cxx;moc;h;def;odl;idl;res;</Extensions>
    </Filter>
    <Filter Include="Generated Files">
      <UniqueIdentifier>{71ED8ED8-ACB9-4CE9-BBE1-E00B30144E11}</UniqueIdentifier>
      <Extensions>cpp;c;cxx;moc;h;def;odl;idl;res;</Extensions>
    </Filter>
    <Filter Include="Header Files">
      <UniqueIdentifier>{93995380-89BD-4b04-88EB-625FBE52EBFB}</UniqueIdentifier>
      <Extensions>h;hpp;hxx;hm;inl;inc;xsd</Extensions>
    </Filter>
    <Filter Include="Header Files">
      <UniqueIdentifier>{93995380-89BD-4b04-88EB-625FBE52EBFB}</UniqueIdentifier>
      <Extensions>h;hpp;hxx;hm;inl;inc;xsd</Extensions>
    </Filter>
    <Filter Include="Source Files">
      <UniqueIdentifier>{4FC737F1-C7A5-4376-A066-2A32D752A2FF}</UniqueIdentifier>
      <Extensions>cpp;c;cxx;def;odl;idl;hpj;bat;asm;asmx</Extensions>
    </Filter>
    <Filter Include="Source Files">
      <UniqueIdentifier>{4FC737F1-C7A5-4376-A066-2A32D752A2FF}</UniqueIdentifier>
      <Extensions>cpp;c;cxx;def;odl;idl;hpj;bat;asm;asmx</Extensions>
    </Filter>
    <Filter Include="Source Files\Lights">
      <UniqueIdentifier>{05b19510-f886-4c00-9810-27bab58160d3}</UniqueIdentifier>
    </Filter>
  </ItemGroup>
  <ItemGroup>
    <ClCompile Include="GeometricObjects\FlatMeshTriangle.cpp">
      <Filter>Source Files</Filter>
    </ClCompile>
    <ClCompile Include="Samplers\Jittered.cpp">
      <Filter>Source Files</Filter>
    </ClCompile>
    <ClCompile Include="Samplers\MultiJittered.cpp">
      <Filter>Source Files</Filter>
    </ClCompile>
    <ClCompile Include="Samplers\NRooks.cpp">
      <Filter>Source Files</Filter>
    </ClCompile>
    <ClCompile Include="Samplers\PureRandom.cpp">
      <Filter>Source Files</Filter>
    </ClCompile>
    <ClCompile Include="GeometricObjects\SmoothMeshTriangle.cpp">
      <Filter>Source Files</Filter>
    </ClCompile>
    <ClCompile Include="GeometricObjects\Triangle.cpp">
      <Filter>Source Files</Filter>
    </ClCompile>
    <ClCompile Include="Lights\ambient.cpp">
      <Filter>Source Files</Filter>
    </ClCompile>
    <ClCompile Include="Lights\ambientoccluder.cpp">
      <Filter>Source Files</Filter>
    </ClCompile>
    <ClCompile Include="GeometricObjects\bbox.cpp">
      <Filter>Source Files</Filter>
    </ClCompile>
    <ClCompile Include="NBT\bigendianreader.cpp">
      <Filter>Source Files</Filter>
    </ClCompile>
    <ClCompile Include="BRDFs\brdf.cpp">
      <Filter>Source Files</Filter>
    </ClCompile>
    <ClCompile Include="Cameras\camera.cpp">
      <Filter>Source Files</Filter>
    </ClCompile>
    <ClCompile Include="NBT\chunk.cpp">
      <Filter>Source Files</Filter>
    </ClCompile>
    <ClCompile Include="GeometricObjects\compound.cpp">
      <Filter>Source Files</Filter>
    </ClCompile>
    <ClCompile Include="Textures\constantcolor.cpp">
      <Filter>Source Files</Filter>
    </ClCompile>
    <ClCompile Include="GeometricObjects\geometricobject.cpp">
      <Filter>Source Files</Filter>
    </ClCompile>
    <ClCompile Include="Utilities\glimagedisplay.cpp">
      <Filter>Source Files</Filter>
    </ClCompile>
    <ClCompile Include="BRDFs\glossyspecular.cpp">
      <Filter>Source Files</Filter>
    </ClCompile>
    <ClCompile Include="GeometricObjects\grid.cpp">
      <Filter>Source Files</Filter>
    </ClCompile>
    <ClCompile Include="Utilities\imagedisplay.cpp">
      <Filter>Source Files</Filter>
    </ClCompile>
    <ClCompile Include="Textures\imagetexture.cpp">
      <Filter>Source Files</Filter>
    </ClCompile>
    <ClCompile Include="BRDFs\lambertian.cpp">
      <Filter>Source Files</Filter>
    </ClCompile>
    <ClCompile Include="Lights\light.cpp">
      <Filter>Source Files</Filter>
    </ClCompile>
    <ClCompile Include="NBT\littleendianreader.cpp">
      <Filter>Source Files</Filter>
    </ClCompile>
    <ClCompile Include="main.cpp">
      <Filter>Source Files</Filter>
    </ClCompile>
    <ClCompile Include="GUI\mainwindow.cpp">
      <Filter>Source Files</Filter>
    </ClCompile>
    <ClCompile Include="Materials\material.cpp">
      <Filter>Source Files</Filter>
    </ClCompile>
    <ClCompile Include="Maths\matrix.cpp">
      <Filter>Source Files</Filter>
    </ClCompile>
    <ClCompile Include="Materials\matte.cpp">
      <Filter>Source Files</Filter>
    </ClCompile>
    <ClCompile Include="GeometricObjects\mcblock.cpp">
      <Filter>Source Files</Filter>
    </ClCompile>
    <ClCompile Include="GeometricObjects\mcgrid.cpp">
      <Filter>Source Files</Filter>
    </ClCompile>
    <ClCompile Include="GeometricObjects\mcisoblock.cpp">
      <Filter>Source Files</Filter>
    </ClCompile>
    <ClCompile Include="GeometricObjects\mcregiongrid.cpp">
      <Filter>Source Files</Filter>
    </ClCompile>
    <ClCompile Include="GeometricObjects\mcstandardblock.cpp">
      <Filter>Source Files</Filter>
    </ClCompile>
    <ClCompile Include="GeometricObjects\mcwaterblock.cpp">
      <Filter>Source Files</Filter>
    </ClCompile>
    <ClCompile Include="World\mcworld.cpp">
      <Filter>Source Files</Filter>
    </ClCompile>
    <ClCompile Include="GeometricObjects\mesh.cpp">
      <Filter>Source Files</Filter>
    </ClCompile>
    <ClCompile Include="GeometricObjects\meshtriangle.cpp">
      <Filter>Source Files</Filter>
    </ClCompile>
    <ClCompile Include="Tracers\multipleobjects.cpp">
      <Filter>Source Files</Filter>
    </ClCompile>
    <ClCompile Include="Utilities\myexception.cpp">
      <Filter>Source Files</Filter>
    </ClCompile>
    <ClCompile Include="NBT\nbtfilereader.cpp">
      <Filter>Source Files</Filter>
    </ClCompile>
    <ClCompile Include="NBT\nbttag.cpp">
      <Filter>Source Files</Filter>
    </ClCompile>
    <ClCompile Include="NBT\nbttagbyte.cpp">
      <Filter>Source Files</Filter>
    </ClCompile>
    <ClCompile Include="NBT\nbttagbytearray.cpp">
      <Filter>Source Files</Filter>
    </ClCompile>
    <ClCompile Include="NBT\nbttagcompound.cpp">
      <Filter>Source Files</Filter>
    </ClCompile>
    <ClCompile Include="NBT\nbttagdouble.cpp">
      <Filter>Source Files</Filter>
    </ClCompile>
    <ClCompile Include="NBT\nbttagend.cpp">
      <Filter>Source Files</Filter>
    </ClCompile>
    <ClCompile Include="NBT\nbttagfloat.cpp">
      <Filter>Source Files</Filter>
    </ClCompile>
    <ClCompile Include="NBT\nbttagint.cpp">
      <Filter>Source Files</Filter>
    </ClCompile>
    <ClCompile Include="NBT\nbttagintarray.cpp">
      <Filter>Source Files</Filter>
    </ClCompile>
    <ClCompile Include="NBT\nbttaglist.cpp">
      <Filter>Source Files</Filter>
    </ClCompile>
    <ClCompile Include="NBT\nbttaglong.cpp">
      <Filter>Source Files</Filter>
    </ClCompile>
    <ClCompile Include="NBT\nbttagstring.cpp">
      <Filter>Source Files</Filter>
    </ClCompile>
    <ClCompile Include="Maths\normal.cpp">
      <Filter>Source Files</Filter>
    </ClCompile>
    <ClCompile Include="Materials\noshadematte.cpp">
      <Filter>Source Files</Filter>
    </ClCompile>
    <ClCompile Include="Utilities\obj.cpp">
      <Filter>Source Files</Filter>
    </ClCompile>
    <ClCompile Include="BRDFs\perfectspecular.cpp">
      <Filter>Source Files</Filter>
    </ClCompile>
    <ClCompile Include="Materials\phong.cpp">
      <Filter>Source Files</Filter>
    </ClCompile>
    <ClCompile Include="Cameras\pinhole.cpp">
      <Filter>Source Files</Filter>
    </ClCompile>
    <ClCompile Include="Utilities\pixel.cpp">
      <Filter>Source Files</Filter>
    </ClCompile>
    <ClCompile Include="GeometricObjects\plane.cpp">
      <Filter>Source Files</Filter>
    </ClCompile>
    <ClCompile Include="Maths\point.cpp">
      <Filter>Source Files</Filter>
    </ClCompile>
    <ClCompile Include="Maths\point2d.cpp">
      <Filter>Source Files</Filter>
    </ClCompile>
    <ClCompile Include="Lights\pointlight.cpp">
      <Filter>Source Files</Filter>
    </ClCompile>
    <ClCompile Include="World\previewworld.cpp">
      <Filter>Source Files</Filter>
    </ClCompile>
    <ClCompile Include="Samplers\pseudorandom.cpp">
      <Filter>Source Files</Filter>
    </ClCompile>
    <ClCompile Include="GUI\qrendercanvas.cpp">
      <Filter>Source Files</Filter>
    </ClCompile>
    <ClCompile Include="Maths\ray.cpp">
      <Filter>Source Files</Filter>
    </ClCompile>
    <ClCompile Include="Tracers\raycast.cpp">
      <Filter>Source Files</Filter>
    </ClCompile>
    <ClCompile Include="Materials\reflective.cpp">
      <Filter>Source Files</Filter>
    </ClCompile>
    <ClCompile Include="Maths\rgbcolor.cpp">
      <Filter>Source Files</Filter>
    </ClCompile>
    <ClCompile Include="Samplers\sampler.cpp">
      <Filter>Source Files</Filter>
    </ClCompile>
    <ClCompile Include="World\shaderec.cpp">
      <Filter>Source Files</Filter>
    </ClCompile>
    <ClCompile Include="GeometricObjects\sphere.cpp">
      <Filter>Source Files</Filter>
    </ClCompile>
    <ClCompile Include="Textures\texture.cpp">
      <Filter>Source Files</Filter>
    </ClCompile>
    <ClCompile Include="Textures\textureholder.cpp">
      <Filter>Source Files</Filter>
    </ClCompile>
    <ClCompile Include="Cameras\thinlens.cpp">
      <Filter>Source Files</Filter>
    </ClCompile>
    <ClCompile Include="Tracers\tracer.cpp">
      <Filter>Source Files</Filter>
    </ClCompile>
    <ClCompile Include="Maths\vector.cpp">
      <Filter>Source Files</Filter>
    </ClCompile>
    <ClCompile Include="World\viewplane.cpp">
      <Filter>Source Files</Filter>
    </ClCompile>
    <ClCompile Include="World\world.cpp">
      <Filter>Source Files</Filter>
    </ClCompile>
    <ClCompile Include="World\mcscenerenderer.cpp">
      <Filter>Generated Files</Filter>
    </ClCompile>
    <ClCompile Include="ReleaseCUDA\moc_world.cpp">
      <Filter>Generated Files</Filter>
    </ClCompile>
    <ClCompile Include="DebugCUDA\moc_world.cpp">
      <Filter>Generated Files</Filter>
    </ClCompile>
    <ClCompile Include="Debug\moc_world.cpp">
      <Filter>Generated Files</Filter>
    </ClCompile>
    <ClCompile Include="Release\moc_world.cpp">
      <Filter>Generated Files</Filter>
    </ClCompile>
    <ClCompile Include="ReleaseCUDA\moc_mcscenerenderer.cpp">
      <Filter>Generated Files</Filter>
    </ClCompile>
    <ClCompile Include="DebugCUDA\moc_mcscenerenderer.cpp">
      <Filter>Generated Files</Filter>
    </ClCompile>
    <ClCompile Include="Debug\moc_mcscenerenderer.cpp">
      <Filter>Generated Files</Filter>
    </ClCompile>
    <ClCompile Include="Release\moc_mcscenerenderer.cpp">
      <Filter>Generated Files</Filter>
    </ClCompile>
    <ClCompile Include="ReleaseCUDA\moc_mainwindow.cpp">
      <Filter>Generated Files</Filter>
    </ClCompile>
    <ClCompile Include="DebugCUDA\moc_mainwindow.cpp">
      <Filter>Generated Files</Filter>
    </ClCompile>
    <ClCompile Include="Debug\moc_mainwindow.cpp">
      <Filter>Generated Files</Filter>
    </ClCompile>
    <ClCompile Include="Release\moc_mainwindow.cpp">
      <Filter>Generated Files</Filter>
    </ClCompile>
    <ClCompile Include="ReleaseCUDA\moc_imagedisplay.cpp">
      <Filter>Generated Files</Filter>
    </ClCompile>
    <ClCompile Include="DebugCUDA\moc_imagedisplay.cpp">
      <Filter>Generated Files</Filter>
    </ClCompile>
    <ClCompile Include="Debug\moc_imagedisplay.cpp">
      <Filter>Generated Files</Filter>
    </ClCompile>
    <ClCompile Include="Release\moc_imagedisplay.cpp">
      <Filter>Generated Files</Filter>
    </ClCompile>
    <ClCompile Include="ReleaseCUDA\moc_glimagedisplay.cpp">
      <Filter>Generated Files</Filter>
    </ClCompile>
    <ClCompile Include="DebugCUDA\moc_glimagedisplay.cpp">
      <Filter>Generated Files</Filter>
    </ClCompile>
    <ClCompile Include="Debug\moc_glimagedisplay.cpp">
      <Filter>Generated Files</Filter>
    </ClCompile>
    <ClCompile Include="Release\moc_glimagedisplay.cpp">
      <Filter>Generated Files</Filter>
    </ClCompile>
    <ClCompile Include="CUDAhelpers.cpp">
      <Filter>Generated Files</Filter>
    </ClCompile>
  </ItemGroup>
  <ItemGroup>
    <ClInclude Include="GeometricObjects\FlatMeshTriangle.h">
      <Filter>Header Files</Filter>
    </ClInclude>
    <ClInclude Include="Samplers\Jittered.h">
      <Filter>Header Files</Filter>
    </ClInclude>
    <ClInclude Include="Samplers\MultiJittered.h">
      <Filter>Header Files</Filter>
    </ClInclude>
    <ClInclude Include="Samplers\NRooks.h">
      <Filter>Header Files</Filter>
    </ClInclude>
    <ClInclude Include="Samplers\PureRandom.h">
      <Filter>Header Files</Filter>
    </ClInclude>
    <ClInclude Include="GeometricObjects\SmoothMeshTriangle.h">
      <Filter>Header Files</Filter>
    </ClInclude>
    <ClInclude Include="GeometricObjects\Triangle.h">
      <Filter>Header Files</Filter>
    </ClInclude>
    <ClInclude Include="Lights\ambient.h">
      <Filter>Header Files</Filter>
    </ClInclude>
    <ClInclude Include="Lights\ambientoccluder.h">
      <Filter>Header Files</Filter>
    </ClInclude>
    <ClInclude Include="GeometricObjects\bbox.h">
      <Filter>Header Files</Filter>
    </ClInclude>
    <ClInclude Include="NBT\bigendianreader.h">
      <Filter>Header Files</Filter>
    </ClInclude>
    <ClInclude Include="BRDFs\brdf.h">
      <Filter>Header Files</Filter>
    </ClInclude>
    <ClInclude Include="Cameras\camera.h">
      <Filter>Header Files</Filter>
    </ClInclude>
    <ClInclude Include="NBT\chunk.h">
      <Filter>Header Files</Filter>
    </ClInclude>
    <ClInclude Include="GeometricObjects\compound.h">
      <Filter>Header Files</Filter>
    </ClInclude>
    <ClInclude Include="Textures\constantcolor.h">
      <Filter>Header Files</Filter>
    </ClInclude>
    <ClInclude Include="Utilities\constants.h">
      <Filter>Header Files</Filter>
    </ClInclude>
    <ClInclude Include="GeometricObjects\geometricobject.h">
      <Filter>Header Files</Filter>
    </ClInclude>
    <CustomBuild Include="Utilities\glimagedisplay.h">
      <Filter>Header Files</Filter>
    </CustomBuild>
    <ClInclude Include="BRDFs\glossyspecular.h">
      <Filter>Header Files</Filter>
    </ClInclude>
    <ClInclude Include="GeometricObjects\grid.h">
      <Filter>Header Files</Filter>
    </ClInclude>
    <CustomBuild Include="Utilities\imagedisplay.h">
      <Filter>Header Files</Filter>
    </CustomBuild>
    <ClInclude Include="Textures\imagetexture.h">
      <Filter>Header Files</Filter>
    </ClInclude>
    <ClInclude Include="BRDFs\lambertian.h">
      <Filter>Header Files</Filter>
    </ClInclude>
    <ClInclude Include="Lights\light.h">
      <Filter>Header Files</Filter>
    </ClInclude>
    <ClInclude Include="NBT\littleendianreader.h">
      <Filter>Header Files</Filter>
    </ClInclude>
    <CustomBuild Include="GUI\mainwindow.h">
      <Filter>Header Files</Filter>
    </CustomBuild>
    <ClInclude Include="Materials\material.h">
      <Filter>Header Files</Filter>
    </ClInclude>
    <ClInclude Include="Maths\matrix.h">
      <Filter>Header Files</Filter>
    </ClInclude>
    <ClInclude Include="Materials\matte.h">
      <Filter>Header Files</Filter>
    </ClInclude>
    <ClInclude Include="GeometricObjects\mcblock.h">
      <Filter>Header Files</Filter>
    </ClInclude>
    <ClInclude Include="GeometricObjects\mcgrid.h">
      <Filter>Header Files</Filter>
    </ClInclude>
    <ClInclude Include="GeometricObjects\mcisoblock.h">
      <Filter>Header Files</Filter>
    </ClInclude>
    <ClInclude Include="GeometricObjects\mcregiongrid.h">
      <Filter>Header Files</Filter>
    </ClInclude>
    <ClInclude Include="GeometricObjects\mcstandardblock.h">
      <Filter>Header Files</Filter>
    </ClInclude>
    <ClInclude Include="GeometricObjects\mcwaterblock.h">
      <Filter>Header Files</Filter>
    </ClInclude>
    <ClInclude Include="World\mcworld.h">
      <Filter>Header Files</Filter>
    </ClInclude>
    <ClInclude Include="GeometricObjects\mesh.h">
      <Filter>Header Files</Filter>
    </ClInclude>
    <ClInclude Include="GeometricObjects\meshtriangle.h">
      <Filter>Header Files</Filter>
    </ClInclude>
    <ClInclude Include="Tracers\multipleobjects.h">
      <Filter>Header Files</Filter>
    </ClInclude>
    <ClInclude Include="Utilities\myexception.h">
      <Filter>Header Files</Filter>
    </ClInclude>
    <ClInclude Include="NBT\nbtfilereader.h">
      <Filter>Header Files</Filter>
    </ClInclude>
    <ClInclude Include="NBT\nbttag.h">
      <Filter>Header Files</Filter>
    </ClInclude>
    <ClInclude Include="NBT\nbttagbyte.h">
      <Filter>Header Files</Filter>
    </ClInclude>
    <ClInclude Include="NBT\nbttagbytearray.h">
      <Filter>Header Files</Filter>
    </ClInclude>
    <ClInclude Include="NBT\nbttagcompound.h">
      <Filter>Header Files</Filter>
    </ClInclude>
    <ClInclude Include="NBT\nbttagdouble.h">
      <Filter>Header Files</Filter>
    </ClInclude>
    <ClInclude Include="NBT\nbttagend.h">
      <Filter>Header Files</Filter>
    </ClInclude>
    <ClInclude Include="NBT\nbttagfloat.h">
      <Filter>Header Files</Filter>
    </ClInclude>
    <ClInclude Include="NBT\nbttagint.h">
      <Filter>Header Files</Filter>
    </ClInclude>
    <ClInclude Include="NBT\nbttagintarray.h">
      <Filter>Header Files</Filter>
    </ClInclude>
    <ClInclude Include="NBT\nbttaglist.h">
      <Filter>Header Files</Filter>
    </ClInclude>
    <ClInclude Include="NBT\nbttaglong.h">
      <Filter>Header Files</Filter>
    </ClInclude>
    <ClInclude Include="NBT\nbttagstring.h">
      <Filter>Header Files</Filter>
    </ClInclude>
    <ClInclude Include="Maths\normal.h">
      <Filter>Header Files</Filter>
    </ClInclude>
    <ClInclude Include="Materials\noshadematte.h">
      <Filter>Header Files</Filter>
    </ClInclude>
    <ClInclude Include="Utilities\obj.h">
      <Filter>Header Files</Filter>
    </ClInclude>
    <ClInclude Include="BRDFs\perfectspecular.h">
      <Filter>Header Files</Filter>
    </ClInclude>
    <ClInclude Include="Materials\phong.h">
      <Filter>Header Files</Filter>
    </ClInclude>
    <ClInclude Include="Cameras\pinhole.h">
      <Filter>Header Files</Filter>
    </ClInclude>
    <ClInclude Include="Utilities\pixel.h">
      <Filter>Header Files</Filter>
    </ClInclude>
    <ClInclude Include="GeometricObjects\plane.h">
      <Filter>Header Files</Filter>
    </ClInclude>
    <ClInclude Include="Maths\point.h">
      <Filter>Header Files</Filter>
    </ClInclude>
    <ClInclude Include="Maths\point2d.h">
      <Filter>Header Files</Filter>
    </ClInclude>
    <ClInclude Include="Lights\pointlight.h">
      <Filter>Header Files</Filter>
    </ClInclude>
    <ClInclude Include="World\previewworld.h">
      <Filter>Header Files</Filter>
    </ClInclude>
    <ClInclude Include="Samplers\pseudorandom.h">
      <Filter>Header Files</Filter>
    </ClInclude>
    <ClInclude Include="GUI\qrendercanvas.h">
      <Filter>Header Files</Filter>
    </ClInclude>
    <ClInclude Include="Maths\ray.h">
      <Filter>Header Files</Filter>
    </ClInclude>
    <ClInclude Include="Tracers\raycast.h">
      <Filter>Header Files</Filter>
    </ClInclude>
    <ClInclude Include="Materials\reflective.h">
      <Filter>Header Files</Filter>
    </ClInclude>
    <ClInclude Include="Maths\rgbcolor.h">
      <Filter>Header Files</Filter>
    </ClInclude>
    <ClInclude Include="Samplers\sampler.h">
      <Filter>Header Files</Filter>
    </ClInclude>
    <ClInclude Include="World\shaderec.h">
      <Filter>Header Files</Filter>
    </ClInclude>
    <ClInclude Include="GeometricObjects\sphere.h">
      <Filter>Header Files</Filter>
    </ClInclude>
    <ClInclude Include="Textures\texture.h">
      <Filter>Header Files</Filter>
    </ClInclude>
    <ClInclude Include="Textures\textureholder.h">
      <Filter>Header Files</Filter>
    </ClInclude>
    <ClInclude Include="Cameras\thinlens.h">
      <Filter>Header Files</Filter>
    </ClInclude>
    <ClInclude Include="Tracers\tracer.h">
      <Filter>Header Files</Filter>
    </ClInclude>
    <ClInclude Include="Maths\vector.h">
      <Filter>Header Files</Filter>
    </ClInclude>
    <ClInclude Include="World\viewplane.h">
      <Filter>Header Files</Filter>
    </ClInclude>
    <CustomBuild Include="World\world.h">
      <Filter>Header Files</Filter>
    </CustomBuild>
    <ClInclude Include="GeneratedFiles\ui_mainwindow.h">
      <Filter>Generated Files</Filter>
    </ClInclude>
    <ClInclude Include="Maths\ray.cuh" />
    <ClInclude Include="CUDAhelpers.h">
      <Filter>Generated Files</Filter>
    </ClInclude>
  </ItemGroup>
  <ItemGroup>
    <CustomBuild Include="debug\moc_predefs.h.cbt">
      <Filter>Generated Files</Filter>
    </CustomBuild>
    <CustomBuild Include="release\moc_predefs.h.cbt">
      <Filter>Generated Files</Filter>
    </CustomBuild>
    <CustomBuild Include="World\mcscenerenderer.h">
      <Filter>Generated Files</Filter>
    </CustomBuild>
  </ItemGroup>
  <ItemGroup>
    <CudaCompile Include="Cameras\thinlens.cu" />
    <CudaCompile Include="Tracers\raycast.cu" />
    <CudaCompile Include="GeometricObjects\mcgrid.cu" />
    <CudaCompile Include="World\world.cu" />
    <CudaCompile Include="GeometricObjects\mcregiongrid.cu" />
  </ItemGroup>
</Project>